
Microsoft Visual Studio Solution File, Format Version 12.00
# Visual Studio Version 17
VisualStudioVersion = 17.5.33424.131
MinimumVisualStudioVersion = 10.0.40219.1
Project("{2150E333-8FDC-42A3-9474-1A3956D46DE8}") = "Web", "Web", "{C9D28794-7080-4FFD-ADB7-292F44977078}"
EndProject
Project("{2150E333-8FDC-42A3-9474-1A3956D46DE8}") = "Data", "Data", "{7E8EDCED-7CA0-4C8C-B92A-B69F2CD936D3}"
EndProject
Project("{9A19103F-16F7-4668-BE54-9A1E7A4F7556}") = "SportData.Data", "Data\SportData.Data\SportData.Data.csproj", "{ABDAC50D-51F6-4473-A141-8A7A2B031146}"
EndProject
Project("{9A19103F-16F7-4668-BE54-9A1E7A4F7556}") = "SportData.Data.Models", "Data\SportData.Data.Models\SportData.Data.Models.csproj", "{23E3A00B-2280-4F31-8EAD-F2205164B595}"
EndProject
Project("{2150E333-8FDC-42A3-9474-1A3956D46DE8}") = "Common", "Common", "{DAD35EBB-3132-47AC-A450-4630494F54C5}"
EndProject
Project("{9A19103F-16F7-4668-BE54-9A1E7A4F7556}") = "SportData.Common.Constants", "Common\SportData.Common.Constants\SportData.Common.Constants.csproj", "{64EE77C0-4CDA-46B7-94C1-2CB365F21165}"
EndProject
Project("{9A19103F-16F7-4668-BE54-9A1E7A4F7556}") = "SportData.Common.Extensions", "Common\SportData.Common.Extensions\SportData.Common.Extensions.csproj", "{F3EA0116-AC82-4B70-852E-940507407C16}"
EndProject
Project("{2150E333-8FDC-42A3-9474-1A3956D46DE8}") = "Services", "Services", "{ABC538B6-C478-47B4-B789-FB94AF548668}"
EndProject
Project("{9A19103F-16F7-4668-BE54-9A1E7A4F7556}") = "SportData.Services", "Services\SportData.Services\SportData.Services.csproj", "{82BDCFC7-86DE-40A5-B017-82E633C3FE7E}"
EndProject
Project("{9A19103F-16F7-4668-BE54-9A1E7A4F7556}") = "SportData.Services.Data", "Services\SportData.Services.Data\SportData.Services.Data.csproj", "{33A3FCB0-953A-465F-B3C0-9C745914C133}"
EndProject
Project("{9A19103F-16F7-4668-BE54-9A1E7A4F7556}") = "SportData.Services.Mapper", "Services\SportData.Services.Mapper\SportData.Services.Mapper.csproj", "{1B09B0CB-3C29-45D8-9F63-0AA79256BC99}"
EndProject
Project("{9A19103F-16F7-4668-BE54-9A1E7A4F7556}") = "SportData.WebAPI", "Web\SportData.WebAPI\SportData.WebAPI.csproj", "{6917BC8E-3D6A-4F0E-BCA1-C7EDD4A611BA}"
EndProject
Global
	GlobalSection(SolutionConfigurationPlatforms) = preSolution
		Debug|Any CPU = Debug|Any CPU
		Release|Any CPU = Release|Any CPU
	EndGlobalSection
	GlobalSection(ProjectConfigurationPlatforms) = postSolution
		{ABDAC50D-51F6-4473-A141-8A7A2B031146}.Debug|Any CPU.ActiveCfg = Debug|Any CPU
		{ABDAC50D-51F6-4473-A141-8A7A2B031146}.Debug|Any CPU.Build.0 = Debug|Any CPU
		{ABDAC50D-51F6-4473-A141-8A7A2B031146}.Release|Any CPU.ActiveCfg = Release|Any CPU
		{ABDAC50D-51F6-4473-A141-8A7A2B031146}.Release|Any CPU.Build.0 = Release|Any CPU
		{23E3A00B-2280-4F31-8EAD-F2205164B595}.Debug|Any CPU.ActiveCfg = Debug|Any CPU
		{23E3A00B-2280-4F31-8EAD-F2205164B595}.Debug|Any CPU.Build.0 = Debug|Any CPU
		{23E3A00B-2280-4F31-8EAD-F2205164B595}.Release|Any CPU.ActiveCfg = Release|Any CPU
		{23E3A00B-2280-4F31-8EAD-F2205164B595}.Release|Any CPU.Build.0 = Release|Any CPU
		{64EE77C0-4CDA-46B7-94C1-2CB365F21165}.Debug|Any CPU.ActiveCfg = Debug|Any CPU
		{64EE77C0-4CDA-46B7-94C1-2CB365F21165}.Debug|Any CPU.Build.0 = Debug|Any CPU
		{64EE77C0-4CDA-46B7-94C1-2CB365F21165}.Release|Any CPU.ActiveCfg = Release|Any CPU
		{64EE77C0-4CDA-46B7-94C1-2CB365F21165}.Release|Any CPU.Build.0 = Release|Any CPU
		{F3EA0116-AC82-4B70-852E-940507407C16}.Debug|Any CPU.ActiveCfg = Debug|Any CPU
		{F3EA0116-AC82-4B70-852E-940507407C16}.Debug|Any CPU.Build.0 = Debug|Any CPU
		{F3EA0116-AC82-4B70-852E-940507407C16}.Release|Any CPU.ActiveCfg = Release|Any CPU
		{F3EA0116-AC82-4B70-852E-940507407C16}.Release|Any CPU.Build.0 = Release|Any CPU
		{82BDCFC7-86DE-40A5-B017-82E633C3FE7E}.Debug|Any CPU.ActiveCfg = Debug|Any CPU
		{82BDCFC7-86DE-40A5-B017-82E633C3FE7E}.Debug|Any CPU.Build.0 = Debug|Any CPU
		{82BDCFC7-86DE-40A5-B017-82E633C3FE7E}.Release|Any CPU.ActiveCfg = Release|Any CPU
		{82BDCFC7-86DE-40A5-B017-82E633C3FE7E}.Release|Any CPU.Build.0 = Release|Any CPU
		{33A3FCB0-953A-465F-B3C0-9C745914C133}.Debug|Any CPU.ActiveCfg = Debug|Any CPU
		{33A3FCB0-953A-465F-B3C0-9C745914C133}.Debug|Any CPU.Build.0 = Debug|Any CPU
		{33A3FCB0-953A-465F-B3C0-9C745914C133}.Release|Any CPU.ActiveCfg = Release|Any CPU
		{33A3FCB0-953A-465F-B3C0-9C745914C133}.Release|Any CPU.Build.0 = Release|Any CPU
		{1B09B0CB-3C29-45D8-9F63-0AA79256BC99}.Debug|Any CPU.ActiveCfg = Debug|Any CPU
		{1B09B0CB-3C29-45D8-9F63-0AA79256BC99}.Debug|Any CPU.Build.0 = Debug|Any CPU
		{1B09B0CB-3C29-45D8-9F63-0AA79256BC99}.Release|Any CPU.ActiveCfg = Release|Any CPU
		{1B09B0CB-3C29-45D8-9F63-0AA79256BC99}.Release|Any CPU.Build.0 = Release|Any CPU
		{6917BC8E-3D6A-4F0E-BCA1-C7EDD4A611BA}.Debug|Any CPU.ActiveCfg = Debug|Any CPU
		{6917BC8E-3D6A-4F0E-BCA1-C7EDD4A611BA}.Debug|Any CPU.Build.0 = Debug|Any CPU
		{6917BC8E-3D6A-4F0E-BCA1-C7EDD4A611BA}.Release|Any CPU.ActiveCfg = Release|Any CPU
		{6917BC8E-3D6A-4F0E-BCA1-C7EDD4A611BA}.Release|Any CPU.Build.0 = Release|Any CPU
	EndGlobalSection
	GlobalSection(SolutionProperties) = preSolution
		HideSolutionNode = FALSE
	EndGlobalSection
	GlobalSection(NestedProjects) = preSolution
		{ABDAC50D-51F6-4473-A141-8A7A2B031146} = {7E8EDCED-7CA0-4C8C-B92A-B69F2CD936D3}
		{23E3A00B-2280-4F31-8EAD-F2205164B595} = {7E8EDCED-7CA0-4C8C-B92A-B69F2CD936D3}
		{64EE77C0-4CDA-46B7-94C1-2CB365F21165} = {DAD35EBB-3132-47AC-A450-4630494F54C5}
		{F3EA0116-AC82-4B70-852E-940507407C16} = {DAD35EBB-3132-47AC-A450-4630494F54C5}
		{82BDCFC7-86DE-40A5-B017-82E633C3FE7E} = {ABC538B6-C478-47B4-B789-FB94AF548668}
		{33A3FCB0-953A-465F-B3C0-9C745914C133} = {ABC538B6-C478-47B4-B789-FB94AF548668}
		{1B09B0CB-3C29-45D8-9F63-0AA79256BC99} = {ABC538B6-C478-47B4-B789-FB94AF548668}
		{6917BC8E-3D6A-4F0E-BCA1-C7EDD4A611BA} = {C9D28794-7080-4FFD-ADB7-292F44977078}
	EndGlobalSection
	GlobalSection(ExtensibilityGlobals) = postSolution
		SolutionGuid = {14C91846-D579-4BA9-A01F-7223A4E65C29}
	EndGlobalSection
EndGlobal
